
Microsoft Visual Studio Solution File, Format Version 12.00
# Visual Studio Version 17
VisualStudioVersion = 17.13.35825.156 d17.13
MinimumVisualStudioVersion = 10.0.40219.1
Project("{FAE04EC0-301F-11D3-BF4B-00C04F79EFBC}") = "ReaperCS2", "ReaperCS2\ReaperCS2.csproj", "{9EC334BB-1158-46C0-8FEA-6CC0F6196358}"
EndProject
Global
	GlobalSection(SolutionConfigurationPlatforms) = preSolution
		Debug|Any CPU = Debug|Any CPU
		Release|Any CPU = Release|Any CPU
	EndGlobalSection
	GlobalSection(ProjectConfigurationPlatforms) = postSolution
		{9EC334BB-1158-46C0-8FEA-6CC0F6196358}.Debug|Any CPU.ActiveCfg = Debug|Any CPU
		{9EC334BB-1158-46C0-8FEA-6CC0F6196358}.Debug|Any CPU.Build.0 = Debug|Any CPU
		{9EC334BB-1158-46C0-8FEA-6CC0F6196358}.Release|Any CPU.ActiveCfg = Release|Any CPU
		{9EC334BB-1158-46C0-8FEA-6CC0F6196358}.Release|Any CPU.Build.0 = Release|Any CPU
	EndGlobalSection
	GlobalSection(SolutionProperties) = preSolution
		HideSolutionNode = FALSE
	EndGlobalSection
	GlobalSection(ExtensibilityGlobals) = postSolution
		SolutionGuid = {69B7AD0A-16BA-4C46-A90B-132138204B2A}
	EndGlobalSection
EndGlobal
